// !$*UTF8*$!
{
	archiveVersion = 1;
	classes = {
	};
	objectVersion = 46;
	objects = {

/* Begin PBXFileReference section */
		71462FFE17B1AC630072893C /* linear.cpp */ = {isa = PBXFileReference; fileEncoding = 4; lastKnownFileType = sourcecode.cpp.cpp; path = linear.cpp; sourceTree = "<group>"; };
		71462FFF17B1AC630072893C /* linear.h */ = {isa = PBXFileReference; fileEncoding = 4; lastKnownFileType = sourcecode.c.h; path = linear.h; sourceTree = "<group>"; };
		7146300017B1AC630072893C /* Makefile */ = {isa = PBXFileReference; fileEncoding = 4; lastKnownFileType = sourcecode.make; path = Makefile; sourceTree = "<group>"; };
		7146300117B1AC630072893C /* predict.c */ = {isa = PBXFileReference; fileEncoding = 4; lastKnownFileType = sourcecode.c.c; path = predict.c; sourceTree = "<group>"; };
		7146300217B1AC630072893C /* train.c */ = {isa = PBXFileReference; fileEncoding = 4; lastKnownFileType = sourcecode.c.c; path = train.c; sourceTree = "<group>"; };
		7146300317B1AC630072893C /* tron.cpp */ = {isa = PBXFileReference; fileEncoding = 4; lastKnownFileType = sourcecode.cpp.cpp; path = tron.cpp; sourceTree = "<group>"; };
		7146300417B1AC630072893C /* tron.h */ = {isa = PBXFileReference; fileEncoding = 4; lastKnownFileType = sourcecode.c.h; path = tron.h; sourceTree = "<group>"; };
		71CEA50A17B270A70001F8B9 /* COPYRIGHT */ = {isa = PBXFileReference; fileEncoding = 4; lastKnownFileType = text; path = COPYRIGHT; sourceTree = "<group>"; };
/* End PBXFileReference section */

/* Begin PBXGroup section */
		71462FEB17B1ABF90072893C = {
			isa = PBXGroup;
			children = (
				71CEA50A17B270A70001F8B9 /* COPYRIGHT */,
				7146300017B1AC630072893C /* Makefile */,
				71462FFF17B1AC630072893C /* linear.h */,
				71462FFE17B1AC630072893C /* linear.cpp */,
				7146300117B1AC630072893C /* predict.c */,
				7146300217B1AC630072893C /* train.c */,
				7146300417B1AC630072893C /* tron.h */,
				7146300317B1AC630072893C /* tron.cpp */,
			);
			sourceTree = "<group>";
		};
/* End PBXGroup section */

/* Begin PBXLegacyTarget section */
		71152BC717D75A8100F072F3 /* predict */ = {
			isa = PBXLegacyTarget;
			buildArgumentsString = "$(ACTION)";
			buildConfigurationList = 71152BC817D75A8100F072F3 /* Build configuration list for PBXLegacyTarget "predict" */;
			buildPhases = (
			);
			buildToolPath = /usr/bin/make;
			buildWorkingDirectory = /Users/myudelson/Documents/hcii/liblinear;
			dependencies = (
			);
			name = predict;
			passBuildSettingsInEnvironment = 1;
			productName = predict;
		};
		71462FF017B1ABF90072893C /* train */ = {
			isa = PBXLegacyTarget;
			buildArgumentsString = "$(ACTION)";
			buildConfigurationList = 71462FF317B1ABF90072893C /* Build configuration list for PBXLegacyTarget "train" */;
			buildPhases = (
			);
			buildToolPath = /usr/bin/make;
			buildWorkingDirectory = /Users/myudelson/Documents/hcii/liblinear;
			dependencies = (
			);
			name = train;
			passBuildSettingsInEnvironment = 1;
			productName = liblinear;
		};
/* End PBXLegacyTarget section */

/* Begin PBXProject section */
		71462FEC17B1ABF90072893C /* Project object */ = {
			isa = PBXProject;
			attributes = {
				LastUpgradeCheck = 0460;
				ORGANIZATIONNAME = "Yudelson, Michael";
			};
			buildConfigurationList = 71462FEF17B1ABF90072893C /* Build configuration list for PBXProject "liblinear" */;
			compatibilityVersion = "Xcode 3.2";
			developmentRegion = English;
			hasScannedForEncodings = 0;
			knownRegions = (
				en,
			);
			mainGroup = 71462FEB17B1ABF90072893C;
			projectDirPath = "";
			projectRoot = "";
			targets = (
				71462FF017B1ABF90072893C /* train */,
				71152BC717D75A8100F072F3 /* predict */,
			);
		};
/* End PBXProject section */

/* Begin XCBuildConfiguration section */
		71152BC917D75A8100F072F3 /* Debug */ = {
			isa = XCBuildConfiguration;
			buildSettings = {
				DEBUGGING_SYMBOLS = YES;
				GCC_GENERATE_DEBUGGING_SYMBOLS = YES;
				GCC_OPTIMIZATION_LEVEL = 0;
				OTHER_CFLAGS = "";
				OTHER_LDFLAGS = "";
				PRODUCT_NAME = "$(TARGET_NAME)";
			};
			name = Debug;
		};
		71152BCA17D75A8100F072F3 /* Release */ = {
			isa = XCBuildConfiguration;
			buildSettings = {
				OTHER_CFLAGS = "";
				OTHER_LDFLAGS = "";
				PRODUCT_NAME = "$(TARGET_NAME)";
			};
			name = Release;
		};
		71462FF117B1ABF90072893C /* Debug */ = {
			isa = XCBuildConfiguration;
			buildSettings = {
				ALWAYS_SEARCH_USER_PATHS = NO;
				ARCHS = "$(ARCHS_STANDARD_64_BIT)";
				CLANG_CXX_LANGUAGE_STANDARD = "gnu++0x";
				CLANG_CXX_LIBRARY = "libc++";
				CLANG_WARN_CONSTANT_CONVERSION = YES;
				CLANG_WARN_EMPTY_BODY = YES;
				CLANG_WARN_ENUM_CONVERSION = YES;
				CLANG_WARN_INT_CONVERSION = YES;
				CLANG_WARN__DUPLICATE_METHOD_MATCH = YES;
				COPY_PHASE_STRIP = NO;
				GCC_C_LANGUAGE_STANDARD = gnu99;
				GCC_DYNAMIC_NO_PIC = NO;
				GCC_ENABLE_OBJC_EXCEPTIONS = YES;
				GCC_OPTIMIZATION_LEVEL = 0;
				GCC_PREPROCESSOR_DEFINITIONS = (
					"DEBUG=1",
					"$(inherited)",
				);
				GCC_SYMBOLS_PRIVATE_EXTERN = NO;
				GCC_WARN_64_TO_32_BIT_CONVERSION = YES;
				GCC_WARN_ABOUT_RETURN_TYPE = YES;
				GCC_WARN_UNINITIALIZED_AUTOS = YES;
				GCC_WARN_UNUSED_VARIABLE = YES;
				MACOSX_DEPLOYMENT_TARGET = 10.8;
				ONLY_ACTIVE_ARCH = YES;
				SDKROOT = macosx;
			};
			name = Debug;
		};
		71462FF217B1ABF90072893C /* Release */ = {
			isa = XCBuildConfiguration;
			buildSettings = {
				ALWAYS_SEARCH_USER_PATHS = NO;
				ARCHS = "$(ARCHS_STANDARD_64_BIT)";
				CLANG_CXX_LANGUAGE_STANDARD = "gnu++0x";
				CLANG_CXX_LIBRARY = "libc++";
				CLANG_WARN_CONSTANT_CONVERSION = YES;
				CLANG_WARN_EMPTY_BODY = YES;
				CLANG_WARN_ENUM_CONVERSION = YES;
				CLANG_WARN_INT_CONVERSION = YES;
				CLANG_WARN__DUPLICATE_METHOD_MATCH = YES;
				COPY_PHASE_STRIP = YES;
				DEBUG_INFORMATION_FORMAT = "dwarf-with-dsym";
				GCC_C_LANGUAGE_STANDARD = gnu99;
				GCC_ENABLE_OBJC_EXCEPTIONS = YES;
				GCC_WARN_64_TO_32_BIT_CONVERSION = YES;
				GCC_WARN_ABOUT_RETURN_TYPE = YES;
				GCC_WARN_UNINITIALIZED_AUTOS = YES;
				GCC_WARN_UNUSED_VARIABLE = YES;
				MACOSX_DEPLOYMENT_TARGET = 10.8;
				SDKROOT = macosx;
			};
			name = Release;
		};
		71462FF417B1ABF90072893C /* Debug */ = {
			isa = XCBuildConfiguration;
			buildSettings = {
				COMBINE_HIDPI_IMAGES = YES;
				COPY_PHASE_STRIP = NO;
				DEBUGGING_SYMBOLS = YES;
				DEBUG_INFORMATION_FORMAT = "dwarf-with-dsym";
				GCC_GENERATE_DEBUGGING_SYMBOLS = YES;
				GCC_OPTIMIZATION_LEVEL = 0;
				OTHER_CFLAGS = "";
				OTHER_LDFLAGS = "";
				PRODUCT_NAME = "$(TARGET_NAME)";
			};
			name = Debug;
		};
		71462FF517B1ABF90072893C /* Release */ = {
			isa = XCBuildConfiguration;
			buildSettings = {
				COMBINE_HIDPI_IMAGES = YES;
				OTHER_CFLAGS = "";
				OTHER_LDFLAGS = "";
				PRODUCT_NAME = "$(TARGET_NAME)";
			};
			name = Release;
		};
/* End XCBuildConfiguration section */

/* Begin XCConfigurationList section */
		71152BC817D75A8100F072F3 /* Build configuration list for PBXLegacyTarget "predict" */ = {
			isa = XCConfigurationList;
			buildConfigurations = (
				71152BC917D75A8100F072F3 /* Debug */,
				71152BCA17D75A8100F072F3 /* Release */,
			);
			defaultConfigurationIsVisible = 0;
		};
		71462FEF17B1ABF90072893C /* Build configuration list for PBXProject "liblinear" */ = {
			isa = XCConfigurationList;
			buildConfigurations = (
				71462FF117B1ABF90072893C /* Debug */,
				71462FF217B1ABF90072893C /* Release */,
			);
			defaultConfigurationIsVisible = 0;
			defaultConfigurationName = Release;
		};
		71462FF317B1ABF90072893C /* Build configuration list for PBXLegacyTarget "train" */ = {
			isa = XCConfigurationList;
			buildConfigurations = (
				71462FF417B1ABF90072893C /* Debug */,
				71462FF517B1ABF90072893C /* Release */,
			);
			defaultConfigurationIsVisible = 0;
			defaultConfigurationName = Release;
		};
/* End XCConfigurationList section */
	};
	rootObject = 71462FEC17B1ABF90072893C /* Project object */;
}
